{
  "name": "grok-nix-wrapper",
  "version": "1.0.5",
  "lockfileVersion": 3,
  "requires": true,
  "packages": {
    "": {
      "name": "grok-nix-wrapper",
      "version": "1.0.5",
      "dependencies": {
        "@xai-official/grok": "1.0.5"
      }
    },
    "node_modules/@iarna/toml": {
      "version": "3.0.0",
      "resolved": "https://registry.npmjs.org/@iarna/toml/-/toml-3.0.0.tgz",
      "integrity": "sha512-td6ZUkz2oS3VeleBcN+m//Q6HlCFCPrnI0FZhrt/h4XqLEdOyYp2u21nd8MdsR+WJy5r9PTDaHTDDfhf4H4l6Q==",
      "license": "ISC"
    },
    "node_modules/@xai-official/grok": {
      "version": "1.0.5",
      "resolved": "https://registry.npmjs.org/@xai-official/grok/-/grok-1.0.5.tgz",
      "integrity": "sha512-kk5hez+Oz5CvWonDGkMNmL483CWRIGRF2ki8jQzpIXH56P0fhCgaX9lrr0IUoFCKh/rYAm5vfCPgQsdIIYLu8Q==",
      "cpu": [
        "arm64",
        "x64"
      ],
      "hasInstallScript": true,
      "license": "Apache-2.0",
      "os": [
        "darwin",
        "linux",
        "win32"
      ],
      "dependencies": {
        "@iarna/toml": "^3.0.0"
      },
      "bin": {
        "grok": "bin/grok"
      },
      "engines": {
        "node": ">=20"
      },
      "optionalDependencies": {
        "@xai-official/grok-darwin-arm64": "1.0.5",
        "@xai-official/grok-darwin-x64": "1.0.5",
        "@xai-official/grok-linux-arm64": "1.0.5",
        "@xai-official/grok-linux-x64": "1.0.5",
        "@xai-official/grok-win32-arm64": "1.0.5",
        "@xai-official/grok-win32-x64": "1.0.5"
      }
    },
    "node_modules/@xai-official/grok-darwin-arm64": {
      "version": "1.0.5",
      "resolved": "https://registry.npmjs.org/@xai-official/grok-darwin-arm64/-/grok-darwin-arm64-1.0.5.tgz",
      "integrity": "sha512-akEtE93V7nOHEMfj16kkl3Nxl/AjcNaRkZCnY5HoIayy3VR6qQ6VTsQdUka4ZgT1bGJCZff4UIcTVpFGDaMAQQ==",
      "cpu": [
        "arm64"
      ],
      "license": "Apache-2.0",
      "optional": true,
      "os": [
        "darwin"
      ]
    },
    "node_modules/@xai-official/grok-darwin-x64": {
      "version": "1.0.5",
      "resolved": "https://registry.npmjs.org/@xai-official/grok-darwin-x64/-/grok-darwin-x64-1.0.5.tgz",
      "integrity": "sha512-kIr1YUidX+Zl8Ti7qFBCmQyVzR/D779Q0/pNvCBo7enLObFaGiM7JUAuQ7Y23aaIC/m1rwPv7xzoQ3DGHOO1yA==",
      "cpu": [
        "x64"
      ],
      "license": "Apache-2.0",
      "optional": true,
      "os": [
        "darwin"
      ]
    },
    "node_modules/@xai-official/grok-linux-arm64": {
      "version": "1.0.5",
      "resolved": "https://registry.npmjs.org/@xai-official/grok-linux-arm64/-/grok-linux-arm64-1.0.5.tgz",
      "integrity": "sha512-yPdBddzfqBNfmyKGEuy0Vy+8zr/0I9xTqX9aYzaaz5QUS3+3Xe3bIJ2EYbAZV6o/16WUC2ZbkLNUx3X3IkBSRA==",
      "cpu": [
        "arm64"
      ],
      "license": "Apache-2.0",
      "optional": true,
      "os": [
        "linux"
      ]
    },
    "node_modules/@xai-official/grok-linux-x64": {
      "version": "1.0.5",
      "resolved": "https://registry.npmjs.org/@xai-official/grok-linux-x64/-/grok-linux-x64-1.0.5.tgz",
      "integrity": "sha512-JJ6ajCCdBeLc14jvcGKQmeOvoJdEvWMe2Bj82McNikup1d6QaX/E7MI7nmMmoHfQthqRfUSnFk/ExFRu4fodTw==",
      "cpu": [
        "x64"
      ],
      "license": "Apache-2.0",
      "optional": true,
      "os": [
        "linux"
      ]
    },
    "node_modules/@xai-official/grok-win32-arm64": {
      "version": "1.0.5",
      "resolved": "https://registry.npmjs.org/@xai-official/grok-win32-arm64/-/grok-win32-arm64-1.0.5.tgz",
      "integrity": "sha512-B4cIPElA8KWpOX2fvIxFeb8U5Ifwal56ZNKtvqPgatflLMf9Quo+3KnBUXH7X8/Ohwe81ff8G+mcU6Ja6Z5RKQ==",
      "cpu": [
        "arm64"
      ],
      "license": "Apache-2.0",
      "optional": true,
      "os": [
        "win32"
      ]
    },
    "node_modules/@xai-official/grok-win32-x64": {
      "version": "1.0.5",
      "resolved": "https://registry.npmjs.org/@xai-official/grok-win32-x64/-/grok-win32-x64-1.0.5.tgz",
      "integrity": "sha512-EqPxlKg5FMFymmnF+w58VQ8V+ZrghIp7Qsuc2VCurIY82H+6qvnAMgJXGCpo2qH6JSWfh0HPiHkmTk32kHstjw==",
      "cpu": [
        "x64"
      ],
      "license": "Apache-2.0",
      "optional": true,
      "os": [
        "win32"
      ]
    }
  }
}
