{
  "name": "grok-nix-wrapper",
  "version": "1.0.13",
  "lockfileVersion": 3,
  "requires": true,
  "packages": {
    "": {
      "name": "grok-nix-wrapper",
      "version": "1.0.13",
      "dependencies": {
        "@xai-official/grok": "1.0.13"
      }
    },
    "node_modules/@iarna/toml": {
      "version": "3.0.0",
      "resolved": "https://registry.npmjs.org/@iarna/toml/-/toml-3.0.0.tgz",
      "integrity": "sha512-td6ZUkz2oS3VeleBcN+m//Q6HlCFCPrnI0FZhrt/h4XqLEdOyYp2u21nd8MdsR+WJy5r9PTDaHTDDfhf4H4l6Q==",
      "license": "ISC"
    },
    "node_modules/@xai-official/grok": {
      "version": "1.0.13",
      "resolved": "https://registry.npmjs.org/@xai-official/grok/-/grok-1.0.13.tgz",
      "integrity": "sha512-rBMEx/7ND5DaBRGwzi6fEyf4ZWy4yStPnZ38UaIM2smZzg4E0fieDfLKPK8eRF4l2Xe4+5kSdCAVop99+whG4A==",
      "cpu": [
        "arm64",
        "x64"
      ],
      "hasInstallScript": true,
      "license": "Apache-2.0",
      "os": [
        "darwin",
        "linux",
        "win32"
      ],
      "dependencies": {
        "@iarna/toml": "^3.0.0"
      },
      "bin": {
        "grok": "bin/grok"
      },
      "engines": {
        "node": ">=20"
      },
      "optionalDependencies": {
        "@xai-official/grok-darwin-arm64": "1.0.13",
        "@xai-official/grok-darwin-x64": "1.0.13",
        "@xai-official/grok-linux-arm64": "1.0.13",
        "@xai-official/grok-linux-x64": "1.0.13",
        "@xai-official/grok-win32-arm64": "1.0.13",
        "@xai-official/grok-win32-x64": "1.0.13"
      }
    },
    "node_modules/@xai-official/grok-darwin-arm64": {
      "version": "1.0.13",
      "resolved": "https://registry.npmjs.org/@xai-official/grok-darwin-arm64/-/grok-darwin-arm64-1.0.13.tgz",
      "integrity": "sha512-Nctnwkzj550E512RZ+n+IUuhqGPZ2L7z/ZTIlZdVn0KqZHfzC58vIZPMBzdcOkoK42IrJlLD6GS7Eo6c1y+VGw==",
      "cpu": [
        "arm64"
      ],
      "license": "Apache-2.0",
      "optional": true,
      "os": [
        "darwin"
      ]
    },
    "node_modules/@xai-official/grok-darwin-x64": {
      "version": "1.0.13",
      "resolved": "https://registry.npmjs.org/@xai-official/grok-darwin-x64/-/grok-darwin-x64-1.0.13.tgz",
      "integrity": "sha512-trI+fm4ZY/2skF05XLfCYCMQgk/NUj6jYVV1stL4jPafhYj41yDYxu0PHgLxEy6f8UtA8XCfZN084/KxgiYDKw==",
      "cpu": [
        "x64"
      ],
      "license": "Apache-2.0",
      "optional": true,
      "os": [
        "darwin"
      ]
    },
    "node_modules/@xai-official/grok-linux-arm64": {
      "version": "1.0.13",
      "resolved": "https://registry.npmjs.org/@xai-official/grok-linux-arm64/-/grok-linux-arm64-1.0.13.tgz",
      "integrity": "sha512-hUfACShilnR5am+KVFyigNYSmL3FEVcRnXBRNKX2xz5eQ68ZoUMLt9IxNtZn27vogYS8NxsWiFkEsGI1rPeQ0w==",
      "cpu": [
        "arm64"
      ],
      "license": "Apache-2.0",
      "optional": true,
      "os": [
        "linux"
      ]
    },
    "node_modules/@xai-official/grok-linux-x64": {
      "version": "1.0.13",
      "resolved": "https://registry.npmjs.org/@xai-official/grok-linux-x64/-/grok-linux-x64-1.0.13.tgz",
      "integrity": "sha512-t0TpPmsEZwwS0utHq07L1oPX7tMgufAazIziccGn8IdTpo8ihqZ7KjaI6wikROXExfjvwTh83m4B0PL2ErPeiw==",
      "cpu": [
        "x64"
      ],
      "license": "Apache-2.0",
      "optional": true,
      "os": [
        "linux"
      ]
    },
    "node_modules/@xai-official/grok-win32-arm64": {
      "version": "1.0.13",
      "resolved": "https://registry.npmjs.org/@xai-official/grok-win32-arm64/-/grok-win32-arm64-1.0.13.tgz",
      "integrity": "sha512-J+USAEgMyy7TaDRir2HvS1rj8yG8HjjtewK0qxz1dl2E7jjdqMjaKuN6H6l563ASvXwNDx17ye+1fkwwpjyKdg==",
      "cpu": [
        "arm64"
      ],
      "license": "Apache-2.0",
      "optional": true,
      "os": [
        "win32"
      ]
    },
    "node_modules/@xai-official/grok-win32-x64": {
      "version": "1.0.13",
      "resolved": "https://registry.npmjs.org/@xai-official/grok-win32-x64/-/grok-win32-x64-1.0.13.tgz",
      "integrity": "sha512-IAoQ+fDQVUzwzl1gYK+CMka2cH4yN5nbcsyodyvYTvkxSPixDIzzWeRtrOESOCPlft6YYpvFfdqisJppPOHekA==",
      "cpu": [
        "x64"
      ],
      "license": "Apache-2.0",
      "optional": true,
      "os": [
        "win32"
      ]
    }
  }
}
