{
  "name": "grok-nix-wrapper",
  "version": "0.2.106",
  "lockfileVersion": 3,
  "requires": true,
  "packages": {
    "": {
      "name": "grok-nix-wrapper",
      "version": "0.2.106",
      "dependencies": {
        "@xai-official/grok": "0.2.106"
      }
    },
    "node_modules/@iarna/toml": {
      "version": "3.0.0",
      "resolved": "https://registry.npmjs.org/@iarna/toml/-/toml-3.0.0.tgz",
      "integrity": "sha512-td6ZUkz2oS3VeleBcN+m//Q6HlCFCPrnI0FZhrt/h4XqLEdOyYp2u21nd8MdsR+WJy5r9PTDaHTDDfhf4H4l6Q==",
      "license": "ISC"
    },
    "node_modules/@xai-official/grok": {
      "version": "0.2.106",
      "resolved": "https://registry.npmjs.org/@xai-official/grok/-/grok-0.2.106.tgz",
      "integrity": "sha512-ANoPSl/Vwn6qhH71vXwYUDbcVKw4D6R4s1zvtEajPgtAndFk3OKsqpIcSnZsuPNeBzySDVOI9famGlrQGcBeRQ==",
      "cpu": [
        "arm64",
        "x64"
      ],
      "hasInstallScript": true,
      "license": "Apache-2.0",
      "os": [
        "darwin",
        "linux",
        "win32"
      ],
      "dependencies": {
        "@iarna/toml": "^3.0.0"
      },
      "bin": {
        "grok": "bin/grok"
      },
      "engines": {
        "node": ">=20"
      },
      "optionalDependencies": {
        "@xai-official/grok-darwin-arm64": "0.2.106",
        "@xai-official/grok-darwin-x64": "0.2.106",
        "@xai-official/grok-linux-arm64": "0.2.106",
        "@xai-official/grok-linux-x64": "0.2.106",
        "@xai-official/grok-win32-arm64": "0.2.106",
        "@xai-official/grok-win32-x64": "0.2.106"
      }
    },
    "node_modules/@xai-official/grok-darwin-arm64": {
      "version": "0.2.106",
      "resolved": "https://registry.npmjs.org/@xai-official/grok-darwin-arm64/-/grok-darwin-arm64-0.2.106.tgz",
      "integrity": "sha512-KPSnE1qOphW7jxzRzTgkeQ3Nyp7BSYI8uHAA7T+5y4/HS2oF1yI+Hl/VggBr/dbjSIwSu+FS7g1Ets4FiBGRdA==",
      "cpu": [
        "arm64"
      ],
      "license": "Apache-2.0",
      "optional": true,
      "os": [
        "darwin"
      ]
    },
    "node_modules/@xai-official/grok-darwin-x64": {
      "version": "0.2.106",
      "resolved": "https://registry.npmjs.org/@xai-official/grok-darwin-x64/-/grok-darwin-x64-0.2.106.tgz",
      "integrity": "sha512-mwOuBmPzddgdbyl7kIAjGV03bBMM5wsVwCPRLNx+QCSULdnVwbRTYj0ZJdj/xlrywWgy72w+8nfLY0kyOvS5Pw==",
      "cpu": [
        "x64"
      ],
      "license": "Apache-2.0",
      "optional": true,
      "os": [
        "darwin"
      ]
    },
    "node_modules/@xai-official/grok-linux-arm64": {
      "version": "0.2.106",
      "resolved": "https://registry.npmjs.org/@xai-official/grok-linux-arm64/-/grok-linux-arm64-0.2.106.tgz",
      "integrity": "sha512-tT2a4etYyyUaLH2gN8LZEkQ9Xo5QXmLt55BchPwWk0xSRYrJPEUZBBn0dod38fzEq1kDsG+jNPKCPCt5vEOHnA==",
      "cpu": [
        "arm64"
      ],
      "license": "Apache-2.0",
      "optional": true,
      "os": [
        "linux"
      ]
    },
    "node_modules/@xai-official/grok-linux-x64": {
      "version": "0.2.106",
      "resolved": "https://registry.npmjs.org/@xai-official/grok-linux-x64/-/grok-linux-x64-0.2.106.tgz",
      "integrity": "sha512-BRRAFboAswlvI3Hx7NQUz5qb3lQ85cmEAzIvw6kavuItxSituG/zTTGbA5/W3V4KAqR3sY4vTjoHPFzz/1iNAA==",
      "cpu": [
        "x64"
      ],
      "license": "Apache-2.0",
      "optional": true,
      "os": [
        "linux"
      ]
    },
    "node_modules/@xai-official/grok-win32-arm64": {
      "version": "0.2.106",
      "resolved": "https://registry.npmjs.org/@xai-official/grok-win32-arm64/-/grok-win32-arm64-0.2.106.tgz",
      "integrity": "sha512-tHBoxHaX1PFLYs4Io4j9yywh34mDuGz8EX5eTfCFxfG5d1MmLdLctoBpoTEBwZd7Zc1xh111SA/j5UI+gQyiXA==",
      "cpu": [
        "arm64"
      ],
      "license": "Apache-2.0",
      "optional": true,
      "os": [
        "win32"
      ]
    },
    "node_modules/@xai-official/grok-win32-x64": {
      "version": "0.2.106",
      "resolved": "https://registry.npmjs.org/@xai-official/grok-win32-x64/-/grok-win32-x64-0.2.106.tgz",
      "integrity": "sha512-EJS+RMlEdkoHw958IqCAECi/PhkLHNwY+ie+d/elukxtyKopkKue4RcBoVp2ElyLatgMlkIqiGkQdaK2sFHn7g==",
      "cpu": [
        "x64"
      ],
      "license": "Apache-2.0",
      "optional": true,
      "os": [
        "win32"
      ]
    }
  }
}
